
Microsoft Visual Studio Solution File, Format Version 12.00
# Visual Studio 15
VisualStudioVersion = 15.0.28307.539
MinimumVisualStudioVersion = 10.0.40219.1
Project("{FAE04EC0-301F-11D3-BF4B-00C04F79EFBC}") = "ElasticCache", "ElasticCache\ElasticCache.csproj", "{2F2AD8DE-DBF4-4E56-9BA0-4BD786369B62}"
EndProject
Global
	GlobalSection(SolutionConfigurationPlatforms) = preSolution
		Debug|Any CPU = Debug|Any CPU
		Release|Any CPU = Release|Any CPU
	EndGlobalSection
	GlobalSection(ProjectConfigurationPlatforms) = postSolution
		{2F2AD8DE-DBF4-4E56-9BA0-4BD786369B62}.Debug|Any CPU.ActiveCfg = Debug|Any CPU
		{2F2AD8DE-DBF4-4E56-9BA0-4BD786369B62}.Debug|Any CPU.Build.0 = Debug|Any CPU
		{2F2AD8DE-DBF4-4E56-9BA0-4BD786369B62}.Release|Any CPU.ActiveCfg = Release|Any CPU
		{2F2AD8DE-DBF4-4E56-9BA0-4BD786369B62}.Release|Any CPU.Build.0 = Release|Any CPU
	EndGlobalSection
	GlobalSection(SolutionProperties) = preSolution
		HideSolutionNode = FALSE
	EndGlobalSection
	GlobalSection(ExtensibilityGlobals) = postSolution
		SolutionGuid = {FB7CE44E-ADBD-41A7-B03B-3A1375E854A9}
	EndGlobalSection
EndGlobal
